
Microsoft Visual Studio Solution File, Format Version 12.00
# Visual Studio Version 16
VisualStudioVersion = 16.0.30204.135
MinimumVisualStudioVersion = 10.0.40219.1
Project("{FAE04EC0-301F-11D3-BF4B-00C04F79EFBC}") = "program", "program\program.csproj", "{8A295CDD-F0BB-45CB-A6B0-F3F54B720B68}"
EndProject
Global
	GlobalSection(SolutionConfigurationPlatforms) = preSolution
		Debug|Any CPU = Debug|Any CPU
		Release|Any CPU = Release|Any CPU
	EndGlobalSection
	GlobalSection(ProjectConfigurationPlatforms) = postSolution
		{8A295CDD-F0BB-45CB-A6B0-F3F54B720B68}.Debug|Any CPU.ActiveCfg = Debug|Any CPU
		{8A295CDD-F0BB-45CB-A6B0-F3F54B720B68}.Debug|Any CPU.Build.0 = Debug|Any CPU
		{8A295CDD-F0BB-45CB-A6B0-F3F54B720B68}.Release|Any CPU.ActiveCfg = Release|Any CPU
		{8A295CDD-F0BB-45CB-A6B0-F3F54B720B68}.Release|Any CPU.Build.0 = Release|Any CPU
	EndGlobalSection
	GlobalSection(SolutionProperties) = preSolution
		HideSolutionNode = FALSE
	EndGlobalSection
	GlobalSection(ExtensibilityGlobals) = postSolution
		SolutionGuid = {EC6D82F9-3E1A-4430-B093-079D3748013A}
	EndGlobalSection
EndGlobal
